{
  "name": "inspirational-quote-page",
  "version": "1.0.0",
  "lockfileVersion": 3,
  "requires": true,
  "packages": {
    "": {
      "name": "inspirational-quote-page",
      "version": "1.0.0",
      "license": "ISC",
      "dependencies": {
        "dotenv": "^16.4.1",
        "unsplash-js": "^7.0.19"
      }
    },
    "node_modules/dotenv": {
      "version": "16.4.1",
      "resolved": "https://registry.npmjs.org/dotenv/-/dotenv-16.4.1.tgz",
      "integrity": "sha512-CjA3y+Dr3FyFDOAMnxZEGtnW9KBR2M0JvvUtXNW+dYJL5ROWxP9DUHCwgFqpMk0OXCc0ljhaNTr2w/kutYIcHQ==",
      "engines": {
        "node": ">=12"
      },
      "funding": {
        "url": "https://github.com/motdotla/dotenv?sponsor=1"
      }
    },
    "node_modules/unsplash-js": {
      "version": "7.0.19",
      "resolved": "https://registry.npmjs.org/unsplash-js/-/unsplash-js-7.0.19.tgz",
      "integrity": "sha512-j6qT2floy5Q2g2d939FJpwey1yw/GpQecFiSouyJtsHQPj3oqmqq3K4rI+GF8vU1zwGCT7ZwIGQd2dtCQLjYJw==",
      "engines": {
        "node": ">=10"
      }
    }
  }
}
